
Microsoft Visual Studio Solution File, Format Version 12.00
# Visual Studio Version 17
VisualStudioVersion = 17.0.31903.59
MinimumVisualStudioVersion = 10.0.40219.1
Project("{2150E333-8FDC-42A3-9474-1A3956D46DE8}") = "AI.Chatbot", "AI.Chatbot", "{7683883F-3E98-49D9-9D01-2946E4434B34}"
EndProject
Project("{FAE04EC0-301F-11D3-BF4B-00C04F79EFBC}") = "AI.Chatbot.API", "AI.Chatbot.API\AI.Chatbot.API.csproj", "{B76CCDDF-AAF3-4817-8880-D18E0B571AAE}"
EndProject
Global
	GlobalSection(SolutionConfigurationPlatforms) = preSolution
		Debug|Any CPU = Debug|Any CPU
		Release|Any CPU = Release|Any CPU
	EndGlobalSection
	GlobalSection(SolutionProperties) = preSolution
		HideSolutionNode = FALSE
	EndGlobalSection
	GlobalSection(ProjectConfigurationPlatforms) = postSolution
		{B76CCDDF-AAF3-4817-8880-D18E0B571AAE}.Debug|Any CPU.ActiveCfg = Debug|Any CPU
		{B76CCDDF-AAF3-4817-8880-D18E0B571AAE}.Debug|Any CPU.Build.0 = Debug|Any CPU
		{B76CCDDF-AAF3-4817-8880-D18E0B571AAE}.Release|Any CPU.ActiveCfg = Release|Any CPU
		{B76CCDDF-AAF3-4817-8880-D18E0B571AAE}.Release|Any CPU.Build.0 = Release|Any CPU
	EndGlobalSection
	GlobalSection(NestedProjects) = preSolution
		{B76CCDDF-AAF3-4817-8880-D18E0B571AAE} = {7683883F-3E98-49D9-9D01-2946E4434B34}
	EndGlobalSection
EndGlobal
